
Microsoft Visual Studio Solution File, Format Version 12.00
# Visual Studio Version 17
VisualStudioVersion = 17.5.33516.290
MinimumVisualStudioVersion = 10.0.40219.1
Project("{FAE04EC0-301F-11D3-BF4B-00C04F79EFBC}") = "Animals", "Animals.csproj", "{94C3B5ED-A18D-4B7B-AB5A-06932266A73A}"
EndProject
Global
	GlobalSection(SolutionConfigurationPlatforms) = preSolution
		Debug|Any CPU = Debug|Any CPU
		Release|Any CPU = Release|Any CPU
	EndGlobalSection
	GlobalSection(ProjectConfigurationPlatforms) = postSolution
		{94C3B5ED-A18D-4B7B-AB5A-06932266A73A}.Debug|Any CPU.ActiveCfg = Debug|Any CPU
		{94C3B5ED-A18D-4B7B-AB5A-06932266A73A}.Debug|Any CPU.Build.0 = Debug|Any CPU
		{94C3B5ED-A18D-4B7B-AB5A-06932266A73A}.Release|Any CPU.ActiveCfg = Release|Any CPU
		{94C3B5ED-A18D-4B7B-AB5A-06932266A73A}.Release|Any CPU.Build.0 = Release|Any CPU
	EndGlobalSection
	GlobalSection(SolutionProperties) = preSolution
		HideSolutionNode = FALSE
	EndGlobalSection
	GlobalSection(ExtensibilityGlobals) = postSolution
		SolutionGuid = {4AD3E0E1-4828-49D9-8CD4-1E0DC083B652}
	EndGlobalSection
EndGlobal
